
Microsoft Visual Studio Solution File, Format Version 12.00
# Visual Studio Version 18
VisualStudioVersion = 18.0.11222.15 d18.0
MinimumVisualStudioVersion = 10.0.40219.1
Project("{FAE04EC0-301F-11D3-BF4B-00C04F79EFBC}") = "PCL_CE_Patcher", "PCL_CE_Patcher.csproj", "{9299D764-DB67-07D2-71D7-B50E301FE525}"
EndProject
Global
	GlobalSection(SolutionConfigurationPlatforms) = preSolution
		Debug|Any CPU = Debug|Any CPU
		Release|Any CPU = Release|Any CPU
	EndGlobalSection
	GlobalSection(ProjectConfigurationPlatforms) = postSolution
		{9299D764-DB67-07D2-71D7-B50E301FE525}.Debug|Any CPU.ActiveCfg = Debug|Any CPU
		{9299D764-DB67-07D2-71D7-B50E301FE525}.Debug|Any CPU.Build.0 = Debug|Any CPU
		{9299D764-DB67-07D2-71D7-B50E301FE525}.Release|Any CPU.ActiveCfg = Release|Any CPU
		{9299D764-DB67-07D2-71D7-B50E301FE525}.Release|Any CPU.Build.0 = Release|Any CPU
	EndGlobalSection
	GlobalSection(SolutionProperties) = preSolution
		HideSolutionNode = FALSE
	EndGlobalSection
	GlobalSection(ExtensibilityGlobals) = postSolution
		SolutionGuid = {04C0ECF8-D925-4F74-9E49-5740FB7BDFF5}
	EndGlobalSection
EndGlobal
